
Microsoft Visual Studio Solution File, Format Version 12.00
# Visual Studio Version 17
VisualStudioVersion = 17.9.34616.47
MinimumVisualStudioVersion = 10.0.40219.1
Project("{FAE04EC0-301F-11D3-BF4B-00C04F79EFBC}") = "ExpenseManagement", "ExpenseManagement\ExpenseManagement.csproj", "{B7928385-4AD9-4C65-9228-4A06E7D13D22}"
EndProject
Global
	GlobalSection(SolutionConfigurationPlatforms) = preSolution
		Debug|Any CPU = Debug|Any CPU
		Release|Any CPU = Release|Any CPU
	EndGlobalSection
	GlobalSection(ProjectConfigurationPlatforms) = postSolution
		{B7928385-4AD9-4C65-9228-4A06E7D13D22}.Debug|Any CPU.ActiveCfg = Debug|Any CPU
		{B7928385-4AD9-4C65-9228-4A06E7D13D22}.Debug|Any CPU.Build.0 = Debug|Any CPU
		{B7928385-4AD9-4C65-9228-4A06E7D13D22}.Release|Any CPU.ActiveCfg = Release|Any CPU
		{B7928385-4AD9-4C65-9228-4A06E7D13D22}.Release|Any CPU.Build.0 = Release|Any CPU
	EndGlobalSection
	GlobalSection(SolutionProperties) = preSolution
		HideSolutionNode = FALSE
	EndGlobalSection
	GlobalSection(ExtensibilityGlobals) = postSolution
		SolutionGuid = {28990E57-0B97-4A12-837B-03715EC92CF6}
	EndGlobalSection
EndGlobal
